
Microsoft Visual Studio Solution File, Format Version 12.00
# Visual Studio Version 17
VisualStudioVersion = 17.6.33829.357
MinimumVisualStudioVersion = 10.0.40219.1
Project("{FAE04EC0-301F-11D3-BF4B-00C04F79EFBC}") = "Demo Session_2", "Demo Session_2\Demo Session_2.csproj", "{E2EB40D3-7A62-4E05-8C99-21F9AF5CEDBD}"
EndProject
Global
	GlobalSection(SolutionConfigurationPlatforms) = preSolution
		Debug|Any CPU = Debug|Any CPU
		Release|Any CPU = Release|Any CPU
	EndGlobalSection
	GlobalSection(ProjectConfigurationPlatforms) = postSolution
		{E2EB40D3-7A62-4E05-8C99-21F9AF5CEDBD}.Debug|Any CPU.ActiveCfg = Debug|Any CPU
		{E2EB40D3-7A62-4E05-8C99-21F9AF5CEDBD}.Debug|Any CPU.Build.0 = Debug|Any CPU
		{E2EB40D3-7A62-4E05-8C99-21F9AF5CEDBD}.Release|Any CPU.ActiveCfg = Release|Any CPU
		{E2EB40D3-7A62-4E05-8C99-21F9AF5CEDBD}.Release|Any CPU.Build.0 = Release|Any CPU
	EndGlobalSection
	GlobalSection(SolutionProperties) = preSolution
		HideSolutionNode = FALSE
	EndGlobalSection
	GlobalSection(ExtensibilityGlobals) = postSolution
		SolutionGuid = {50DC7DCF-242D-4432-B7C8-F514D2627CAD}
	EndGlobalSection
EndGlobal
